
Microsoft Visual Studio Solution File, Format Version 12.00
# Visual Studio Version 16
VisualStudioVersion = 16.0.29806.167
MinimumVisualStudioVersion = 10.0.40219.1
Project("{9A19103F-16F7-4668-BE54-9A1E7A4F7556}") = "Calinga.Demo.ConsoleApp", "Calinga.Demo.ConsoleApp\Calinga.Demo.ConsoleApp.csproj", "{F9C061B4-1040-4DAC-A95A-44F1F0266264}"
EndProject
Project("{9A19103F-16F7-4668-BE54-9A1E7A4F7556}") = "Calinga.Demo.SampleApp", "Calinga.Demo.SampleApp\Calinga.Demo.SampleApp.csproj", "{120CE8E9-3B30-4850-92B1-3FBC9ED3D524}"
EndProject
Global
	GlobalSection(SolutionConfigurationPlatforms) = preSolution
		Debug|Any CPU = Debug|Any CPU
		Release|Any CPU = Release|Any CPU
	EndGlobalSection
	GlobalSection(ProjectConfigurationPlatforms) = postSolution
		{F9C061B4-1040-4DAC-A95A-44F1F0266264}.Debug|Any CPU.ActiveCfg = Debug|Any CPU
		{F9C061B4-1040-4DAC-A95A-44F1F0266264}.Debug|Any CPU.Build.0 = Debug|Any CPU
		{F9C061B4-1040-4DAC-A95A-44F1F0266264}.Release|Any CPU.ActiveCfg = Release|Any CPU
		{F9C061B4-1040-4DAC-A95A-44F1F0266264}.Release|Any CPU.Build.0 = Release|Any CPU
		{120CE8E9-3B30-4850-92B1-3FBC9ED3D524}.Debug|Any CPU.ActiveCfg = Debug|Any CPU
		{120CE8E9-3B30-4850-92B1-3FBC9ED3D524}.Debug|Any CPU.Build.0 = Debug|Any CPU
		{120CE8E9-3B30-4850-92B1-3FBC9ED3D524}.Release|Any CPU.ActiveCfg = Release|Any CPU
		{120CE8E9-3B30-4850-92B1-3FBC9ED3D524}.Release|Any CPU.Build.0 = Release|Any CPU
	EndGlobalSection
	GlobalSection(SolutionProperties) = preSolution
		HideSolutionNode = FALSE
	EndGlobalSection
	GlobalSection(ExtensibilityGlobals) = postSolution
		SolutionGuid = {436556B4-F005-4201-AC8E-2CF58CFE66A3}
	EndGlobalSection
EndGlobal
